
Microsoft Visual Studio Solution File, Format Version 12.00
# Visual Studio Version 16
VisualStudioVersion = 16.0.31112.23
MinimumVisualStudioVersion = 10.0.40219.1
Project("{FAE04EC0-301F-11D3-BF4B-00C04F79EFBC}") = "DialogSemiconductorWF", "DialogSemiconductorWF\DialogSemiconductorWF.csproj", "{720B54E7-ECE5-4A7D-8B2C-1D48CC3FBEF5}"
EndProject
Project("{FAE04EC0-301F-11D3-BF4B-00C04F79EFBC}") = "CommonData", "CommonData\CommonData.csproj", "{14B18016-7B9C-4DD8-944B-D32EFA39D06E}"
EndProject
Project("{FAE04EC0-301F-11D3-BF4B-00C04F79EFBC}") = "CommonDictionary", "CommonDictionary\CommonDictionary.csproj", "{CDA760AC-A6DB-44D6-9703-C764B5DB7554}"
EndProject
Global
	GlobalSection(SolutionConfigurationPlatforms) = preSolution
		Debug|Any CPU = Debug|Any CPU
		Release|Any CPU = Release|Any CPU
	EndGlobalSection
	GlobalSection(ProjectConfigurationPlatforms) = postSolution
		{720B54E7-ECE5-4A7D-8B2C-1D48CC3FBEF5}.Debug|Any CPU.ActiveCfg = Debug|Any CPU
		{720B54E7-ECE5-4A7D-8B2C-1D48CC3FBEF5}.Debug|Any CPU.Build.0 = Debug|Any CPU
		{720B54E7-ECE5-4A7D-8B2C-1D48CC3FBEF5}.Release|Any CPU.ActiveCfg = Release|Any CPU
		{720B54E7-ECE5-4A7D-8B2C-1D48CC3FBEF5}.Release|Any CPU.Build.0 = Release|Any CPU
		{14B18016-7B9C-4DD8-944B-D32EFA39D06E}.Debug|Any CPU.ActiveCfg = Debug|Any CPU
		{14B18016-7B9C-4DD8-944B-D32EFA39D06E}.Debug|Any CPU.Build.0 = Debug|Any CPU
		{14B18016-7B9C-4DD8-944B-D32EFA39D06E}.Release|Any CPU.ActiveCfg = Release|Any CPU
		{14B18016-7B9C-4DD8-944B-D32EFA39D06E}.Release|Any CPU.Build.0 = Release|Any CPU
		{CDA760AC-A6DB-44D6-9703-C764B5DB7554}.Debug|Any CPU.ActiveCfg = Debug|Any CPU
		{CDA760AC-A6DB-44D6-9703-C764B5DB7554}.Debug|Any CPU.Build.0 = Debug|Any CPU
		{CDA760AC-A6DB-44D6-9703-C764B5DB7554}.Release|Any CPU.ActiveCfg = Release|Any CPU
		{CDA760AC-A6DB-44D6-9703-C764B5DB7554}.Release|Any CPU.Build.0 = Release|Any CPU
	EndGlobalSection
	GlobalSection(SolutionProperties) = preSolution
		HideSolutionNode = FALSE
	EndGlobalSection
	GlobalSection(ExtensibilityGlobals) = postSolution
		SolutionGuid = {E3BC83C2-012D-4870-B6B9-ADF5697B221A}
	EndGlobalSection
EndGlobal
